
Microsoft Visual Studio Solution File, Format Version 12.00
# Visual Studio Version 17
VisualStudioVersion = 17.10.34928.147
MinimumVisualStudioVersion = 10.0.40219.1
Project("{FAE04EC0-301F-11D3-BF4B-00C04F79EFBC}") = "Snake", "Snake\Snake.csproj", "{DF139E8A-277B-42D5-867E-1F27CBBD4CDE}"
EndProject
Global
	GlobalSection(SolutionConfigurationPlatforms) = preSolution
		Debug|Any CPU = Debug|Any CPU
		Release|Any CPU = Release|Any CPU
	EndGlobalSection
	GlobalSection(ProjectConfigurationPlatforms) = postSolution
		{DF139E8A-277B-42D5-867E-1F27CBBD4CDE}.Debug|Any CPU.ActiveCfg = Debug|Any CPU
		{DF139E8A-277B-42D5-867E-1F27CBBD4CDE}.Debug|Any CPU.Build.0 = Debug|Any CPU
		{DF139E8A-277B-42D5-867E-1F27CBBD4CDE}.Release|Any CPU.ActiveCfg = Release|Any CPU
		{DF139E8A-277B-42D5-867E-1F27CBBD4CDE}.Release|Any CPU.Build.0 = Release|Any CPU
	EndGlobalSection
	GlobalSection(SolutionProperties) = preSolution
		HideSolutionNode = FALSE
	EndGlobalSection
	GlobalSection(ExtensibilityGlobals) = postSolution
		SolutionGuid = {F7959B94-742D-4476-A9F5-9A05DF1AE3ED}
	EndGlobalSection
EndGlobal
